
Microsoft Visual Studio Solution File, Format Version 12.00
# Visual Studio Version 17
VisualStudioVersion = 17.3.32901.215
MinimumVisualStudioVersion = 10.0.40219.1
Project("{FAE04EC0-301F-11D3-BF4B-00C04F79EFBC}") = "ITProvisioning.API", "ITProvisioning.API\ITProvisioning.API.csproj", "{F3FEC16B-EFD2-4EEC-B06F-F9B0B4A59397}"
EndProject
Global
	GlobalSection(SolutionConfigurationPlatforms) = preSolution
		Debug|Any CPU = Debug|Any CPU
		Release|Any CPU = Release|Any CPU
	EndGlobalSection
	GlobalSection(ProjectConfigurationPlatforms) = postSolution
		{F3FEC16B-EFD2-4EEC-B06F-F9B0B4A59397}.Debug|Any CPU.ActiveCfg = Debug|Any CPU
		{F3FEC16B-EFD2-4EEC-B06F-F9B0B4A59397}.Debug|Any CPU.Build.0 = Debug|Any CPU
		{F3FEC16B-EFD2-4EEC-B06F-F9B0B4A59397}.Release|Any CPU.ActiveCfg = Release|Any CPU
		{F3FEC16B-EFD2-4EEC-B06F-F9B0B4A59397}.Release|Any CPU.Build.0 = Release|Any CPU
	EndGlobalSection
	GlobalSection(SolutionProperties) = preSolution
		HideSolutionNode = FALSE
	EndGlobalSection
	GlobalSection(ExtensibilityGlobals) = postSolution
		SolutionGuid = {DFB82DDD-6545-4A7D-9D0A-F68AC58160EA}
	EndGlobalSection
EndGlobal
